
Microsoft Visual Studio Solution File, Format Version 12.00
# Visual Studio Version 16
VisualStudioVersion = 16.0.30804.86
MinimumVisualStudioVersion = 10.0.40219.1
Project("{FAE04EC0-301F-11D3-BF4B-00C04F79EFBC}") = "V_SemesterProject", "V_SemesterProject\V_SemesterProject.csproj", "{7C9224A4-A9BA-43B0-9982-C63E84FBCF96}"
EndProject
Project("{2150E333-8FDC-42A3-9474-1A3956D46DE8}") = "Solution Items", "Solution Items", "{48DBAAFA-ABFE-4AD6-848F-AC8784D26748}"
EndProject
Global
	GlobalSection(SolutionConfigurationPlatforms) = preSolution
		Debug|Any CPU = Debug|Any CPU
		Release|Any CPU = Release|Any CPU
	EndGlobalSection
	GlobalSection(ProjectConfigurationPlatforms) = postSolution
		{7C9224A4-A9BA-43B0-9982-C63E84FBCF96}.Debug|Any CPU.ActiveCfg = Debug|Any CPU
		{7C9224A4-A9BA-43B0-9982-C63E84FBCF96}.Debug|Any CPU.Build.0 = Debug|Any CPU
		{7C9224A4-A9BA-43B0-9982-C63E84FBCF96}.Release|Any CPU.ActiveCfg = Release|Any CPU
		{7C9224A4-A9BA-43B0-9982-C63E84FBCF96}.Release|Any CPU.Build.0 = Release|Any CPU
	EndGlobalSection
	GlobalSection(SolutionProperties) = preSolution
		HideSolutionNode = FALSE
	EndGlobalSection
	GlobalSection(ExtensibilityGlobals) = postSolution
		SolutionGuid = {27F63C9A-FB70-4E4A-A810-8088A390DA5F}
	EndGlobalSection
EndGlobal
